
Microsoft Visual Studio Solution File, Format Version 12.00
# Visual Studio Version 16
VisualStudioVersion = 16.0.31911.196
MinimumVisualStudioVersion = 10.0.40219.1
Project("{FAE04EC0-301F-11D3-BF4B-00C04F79EFBC}") = "CompE361Project", "CompE361Project.csproj", "{E51DF68A-63AF-4807-B579-8DADE8DFCECD}"
EndProject
Global
	GlobalSection(SolutionConfigurationPlatforms) = preSolution
		Debug|Any CPU = Debug|Any CPU
		Release|Any CPU = Release|Any CPU
	EndGlobalSection
	GlobalSection(ProjectConfigurationPlatforms) = postSolution
		{E51DF68A-63AF-4807-B579-8DADE8DFCECD}.Debug|Any CPU.ActiveCfg = Debug|Any CPU
		{E51DF68A-63AF-4807-B579-8DADE8DFCECD}.Debug|Any CPU.Build.0 = Debug|Any CPU
		{E51DF68A-63AF-4807-B579-8DADE8DFCECD}.Release|Any CPU.ActiveCfg = Release|Any CPU
		{E51DF68A-63AF-4807-B579-8DADE8DFCECD}.Release|Any CPU.Build.0 = Release|Any CPU
	EndGlobalSection
	GlobalSection(SolutionProperties) = preSolution
		HideSolutionNode = FALSE
	EndGlobalSection
	GlobalSection(ExtensibilityGlobals) = postSolution
		SolutionGuid = {96139851-C446-40EF-9E40-A4FD158A6C1A}
	EndGlobalSection
EndGlobal
